
PODS:
- AFNetworking (1.1.0)
- Kal (1.0rc1)
- XMLDictionary (2.0.0)

DEPENDENCIES:
- AFNetworking
- Kal
- XMLDictionary

SPEC CHECKSUMS:
  AFNetworking: 761a418233d280c1e0580bcb76ff9cb4c3073d17
  Kal: 1662d563939f65065f878ac82a90bb34863634ef
  XMLDictionary: d41dcb25b03e480f374551037396f4fc1307ff1c

COCOAPODS: 0.16.0
